
Microsoft Visual Studio Solution File, Format Version 12.00
Project("{FAE04EC0-301F-11D3-BF4B-00C04F79EFBC}") = "Silkira.Core", "src\Silkira.Core\Silkira.Core.csproj", "{0CDAEC15-F6A2-470C-A14A-BA860CC07363}"
EndProject
Project("{FAE04EC0-301F-11D3-BF4B-00C04F79EFBC}") = "Silkira.Demo", "src\Silkira.Demo\Silkira.Demo.csproj", "{D390C39B-95C6-476E-AC20-9DFE197FBA81}"
EndProject
Project("{FAE04EC0-301F-11D3-BF4B-00C04F79EFBC}") = "Silkira.Abstractions", "src\Silkira.Abstractions\Silkira.Abstractions.csproj", "{20040CC7-062C-4CDF-85FD-6C1172BA0A8C}"
EndProject
Project("{2150E333-8FDC-42A3-9474-1A3956D46DE8}") = "Other", "Other", "{8285B6B1-16CF-435E-9B8C-BABD965AE22F}"
	ProjectSection(SolutionItems) = preProject
		README.md = README.md
	EndProjectSection
EndProject
Global
	GlobalSection(SolutionConfigurationPlatforms) = preSolution
		Debug|Any CPU = Debug|Any CPU
		Release|Any CPU = Release|Any CPU
	EndGlobalSection
	GlobalSection(ProjectConfigurationPlatforms) = postSolution
		{0CDAEC15-F6A2-470C-A14A-BA860CC07363}.Debug|Any CPU.ActiveCfg = Debug|Any CPU
		{0CDAEC15-F6A2-470C-A14A-BA860CC07363}.Debug|Any CPU.Build.0 = Debug|Any CPU
		{0CDAEC15-F6A2-470C-A14A-BA860CC07363}.Release|Any CPU.ActiveCfg = Release|Any CPU
		{0CDAEC15-F6A2-470C-A14A-BA860CC07363}.Release|Any CPU.Build.0 = Release|Any CPU
		{D390C39B-95C6-476E-AC20-9DFE197FBA81}.Debug|Any CPU.ActiveCfg = Debug|Any CPU
		{D390C39B-95C6-476E-AC20-9DFE197FBA81}.Debug|Any CPU.Build.0 = Debug|Any CPU
		{D390C39B-95C6-476E-AC20-9DFE197FBA81}.Release|Any CPU.ActiveCfg = Release|Any CPU
		{D390C39B-95C6-476E-AC20-9DFE197FBA81}.Release|Any CPU.Build.0 = Release|Any CPU
		{20040CC7-062C-4CDF-85FD-6C1172BA0A8C}.Debug|Any CPU.ActiveCfg = Debug|Any CPU
		{20040CC7-062C-4CDF-85FD-6C1172BA0A8C}.Debug|Any CPU.Build.0 = Debug|Any CPU
		{20040CC7-062C-4CDF-85FD-6C1172BA0A8C}.Release|Any CPU.ActiveCfg = Release|Any CPU
		{20040CC7-062C-4CDF-85FD-6C1172BA0A8C}.Release|Any CPU.Build.0 = Release|Any CPU
	EndGlobalSection
EndGlobal
